
Microsoft Visual Studio Solution File, Format Version 12.00
# Visual Studio Version 16
VisualStudioVersion = 16.0.30413.136
MinimumVisualStudioVersion = 10.0.40219.1
Project("{FAE04EC0-301F-11D3-BF4B-00C04F79EFBC}") = "ProductEnum", "ProductEnum\ProductEnum.csproj", "{FC4EBDC5-4430-4098-ABA0-F0E984615548}"
EndProject
Global
	GlobalSection(SolutionConfigurationPlatforms) = preSolution
		Debug|Any CPU = Debug|Any CPU
		Release|Any CPU = Release|Any CPU
	EndGlobalSection
	GlobalSection(ProjectConfigurationPlatforms) = postSolution
		{FC4EBDC5-4430-4098-ABA0-F0E984615548}.Debug|Any CPU.ActiveCfg = Debug|Any CPU
		{FC4EBDC5-4430-4098-ABA0-F0E984615548}.Debug|Any CPU.Build.0 = Debug|Any CPU
		{FC4EBDC5-4430-4098-ABA0-F0E984615548}.Release|Any CPU.ActiveCfg = Release|Any CPU
		{FC4EBDC5-4430-4098-ABA0-F0E984615548}.Release|Any CPU.Build.0 = Release|Any CPU
	EndGlobalSection
	GlobalSection(SolutionProperties) = preSolution
		HideSolutionNode = FALSE
	EndGlobalSection
	GlobalSection(ExtensibilityGlobals) = postSolution
		SolutionGuid = {40942D35-92D2-456E-BD59-DDF555176CA6}
	EndGlobalSection
EndGlobal
